
Microsoft Visual Studio Solution File, Format Version 12.00
# Visual Studio Version 17
VisualStudioVersion = 17.9.34902.65
MinimumVisualStudioVersion = 10.0.40219.1
Project("{FAE04EC0-301F-11D3-BF4B-00C04F79EFBC}") = "MessageBus.API", "MessageBus.API\MessageBus.API.csproj", "{CC4630A4-FE60-4F56-986A-6FEE6F150435}"
EndProject
Global
	GlobalSection(SolutionConfigurationPlatforms) = preSolution
		Debug|Any CPU = Debug|Any CPU
		Release|Any CPU = Release|Any CPU
	EndGlobalSection
	GlobalSection(ProjectConfigurationPlatforms) = postSolution
		{CC4630A4-FE60-4F56-986A-6FEE6F150435}.Debug|Any CPU.ActiveCfg = Debug|Any CPU
		{CC4630A4-FE60-4F56-986A-6FEE6F150435}.Debug|Any CPU.Build.0 = Debug|Any CPU
		{CC4630A4-FE60-4F56-986A-6FEE6F150435}.Release|Any CPU.ActiveCfg = Release|Any CPU
		{CC4630A4-FE60-4F56-986A-6FEE6F150435}.Release|Any CPU.Build.0 = Release|Any CPU
	EndGlobalSection
	GlobalSection(SolutionProperties) = preSolution
		HideSolutionNode = FALSE
	EndGlobalSection
	GlobalSection(ExtensibilityGlobals) = postSolution
		SolutionGuid = {B3604BF7-4ECF-4036-82D3-B6918244DF8A}
	EndGlobalSection
EndGlobal
